// !$*UTF8*$!
{
	archiveVersion = 1;
	classes = {
	};
	objectVersion = 46;
	objects = {

/* Begin PBXBuildFile section */
		E10E7AC31C18BF7100F6220B /* AppDelegate.swift in Sources */ = {isa = PBXBuildFile; fileRef = E10E7AC21C18BF7100F6220B /* AppDelegate.swift */; };
		E10E7AC61C18BF7100F6220B /* devoxxApp.xcdatamodeld in Sources */ = {isa = PBXBuildFile; fileRef = E10E7AC41C18BF7100F6220B /* devoxxApp.xcdatamodeld */; };
		E10E7ACD1C18BF7100F6220B /* Images.xcassets in Resources */ = {isa = PBXBuildFile; fileRef = E10E7ACC1C18BF7100F6220B /* Images.xcassets */; };
		E10E7AD01C18BF7100F6220B /* LaunchScreen.xib in Resources */ = {isa = PBXBuildFile; fileRef = E10E7ACE1C18BF7100F6220B /* LaunchScreen.xib */; };
		E10E7ADC1C18BF7100F6220B /* devoxxAppTests.swift in Sources */ = {isa = PBXBuildFile; fileRef = E10E7ADB1C18BF7100F6220B /* devoxxAppTests.swift */; };
		E10E7AF01C1957F300F6220B /* APIManager.swift in Sources */ = {isa = PBXBuildFile; fileRef = E10E7AEF1C1957F300F6220B /* APIManager.swift */; };
		E18046011C1DAC99001AAD85 /* favoriteOff.png in Resources */ = {isa = PBXBuildFile; fileRef = E18046001C1DAC99001AAD85 /* favoriteOff.png */; };
		E1FA9BEE1C1BF4E70077C09A /* ColorManager.swift in Sources */ = {isa = PBXBuildFile; fileRef = E1FA9BED1C1BF4E70077C09A /* ColorManager.swift */; };
		E1FA9C181C1BFC150077C09A /* icon_archisec.png in Resources */ = {isa = PBXBuildFile; fileRef = E1FA9C0E1C1BFC150077C09A /* icon_archisec.png */; };
		E1FA9C191C1BFC150077C09A /* icon_cloud.png in Resources */ = {isa = PBXBuildFile; fileRef = E1FA9C0F1C1BFC150077C09A /* icon_cloud.png */; };
		E1FA9C1A1C1BFC150077C09A /* icon_future.png in Resources */ = {isa = PBXBuildFile; fileRef = E1FA9C101C1BFC150077C09A /* icon_future.png */; };
		E1FA9C1B1C1BFC150077C09A /* icon_java.png in Resources */ = {isa = PBXBuildFile; fileRef = E1FA9C111C1BFC150077C09A /* icon_java.png */; };
		E1FA9C1C1C1BFC150077C09A /* icon_lang.png in Resources */ = {isa = PBXBuildFile; fileRef = E1FA9C121C1BFC150077C09A /* icon_lang.png */; };
		E1FA9C1D1C1BFC150077C09A /* icon_methodevops.png in Resources */ = {isa = PBXBuildFile; fileRef = E1FA9C131C1BFC150077C09A /* icon_methodevops.png */; };
		E1FA9C1E1C1BFC150077C09A /* icon_mobile.png in Resources */ = {isa = PBXBuildFile; fileRef = E1FA9C141C1BFC150077C09A /* icon_mobile.png */; };
		E1FA9C1F1C1BFC150077C09A /* icon_ssj.png in Resources */ = {isa = PBXBuildFile; fileRef = E1FA9C151C1BFC150077C09A /* icon_ssj.png */; };
		E1FA9C201C1BFC150077C09A /* icon_startup.png in Resources */ = {isa = PBXBuildFile; fileRef = E1FA9C161C1BFC150077C09A /* icon_startup.png */; };
		E1FA9C211C1BFC150077C09A /* icon_web.png in Resources */ = {isa = PBXBuildFile; fileRef = E1FA9C171C1BFC150077C09A /* icon_web.png */; };
		E1FA9C251C1BFC1E0077C09A /* tabIconMap@2x.png in Resources */ = {isa = PBXBuildFile; fileRef = E1FA9C221C1BFC1E0077C09A /* tabIconMap@2x.png */; };
		E1FA9C261C1BFC1E0077C09A /* tabIconSchedule@2x.png in Resources */ = {isa = PBXBuildFile; fileRef = E1FA9C231C1BFC1E0077C09A /* tabIconSchedule@2x.png */; };
		E1FA9C271C1BFC1E0077C09A /* tabIconSpeaker@2x.png in Resources */ = {isa = PBXBuildFile; fileRef = E1FA9C241C1BFC1E0077C09A /* tabIconSpeaker@2x.png */; };
		E1FA9C291C1BFC280077C09A /* favoriteOn.png in Resources */ = {isa = PBXBuildFile; fileRef = E1FA9C281C1BFC280077C09A /* favoriteOn.png */; };
		E1FA9C2D1C1BFC690077C09A /* Swifty.swift in Sources */ = {isa = PBXBuildFile; fileRef = E1FA9C2C1C1BFC690077C09A /* Swifty.swift */; };
		E1FA9C2F1C1BFC730077C09A /* Roboto-Regular.ttf in Resources */ = {isa = PBXBuildFile; fileRef = E1FA9C2E1C1BFC730077C09A /* Roboto-Regular.ttf */; };
		E1FA9C361C1BFCC60077C09A /* ScheduleTableController.swift in Sources */ = {isa = PBXBuildFile; fileRef = E1FA9C341C1BFCC60077C09A /* ScheduleTableController.swift */; };
		E1FA9C371C1BFCC60077C09A /* ScheduleController.swift in Sources */ = {isa = PBXBuildFile; fileRef = E1FA9C351C1BFCC60077C09A /* ScheduleController.swift */; };
		E1FA9C3B1C1BFCF80077C09A /* MapController.swift in Sources */ = {isa = PBXBuildFile; fileRef = E1FA9C3A1C1BFCF80077C09A /* MapController.swift */; };
		E1FA9C3E1C1BFD010077C09A /* SpeakerController.swift in Sources */ = {isa = PBXBuildFile; fileRef = E1FA9C3C1C1BFD010077C09A /* SpeakerController.swift */; };
		E1FA9C3F1C1BFD010077C09A /* ScheduleViewCell.swift in Sources */ = {isa = PBXBuildFile; fileRef = E1FA9C3D1C1BFD010077C09A /* ScheduleViewCell.swift */; };
		E1FA9C441C1BFD400077C09A /* Slot.swift in Sources */ = {isa = PBXBuildFile; fileRef = E1FA9C421C1BFD400077C09A /* Slot.swift */; };
		E1FA9C451C1BFD400077C09A /* Talk.swift in Sources */ = {isa = PBXBuildFile; fileRef = E1FA9C431C1BFD400077C09A /* Talk.swift */; };
		E1FA9C491C1BFD560077C09A /* SlotHelper.swift in Sources */ = {isa = PBXBuildFile; fileRef = E1FA9C471C1BFD560077C09A /* SlotHelper.swift */; };
		E1FA9C4A1C1BFD560077C09A /* TalkHelper.swift in Sources */ = {isa = PBXBuildFile; fileRef = E1FA9C481C1BFD560077C09A /* TalkHelper.swift */; };
		E1FA9C4D1C1BFD740077C09A /* slots.json in Resources */ = {isa = PBXBuildFile; fileRef = E1FA9C4C1C1BFD740077C09A /* slots.json */; };
/* End PBXBuildFile section */

/* Begin PBXContainerItemProxy section */
		E10E7AD61C18BF7100F6220B /* PBXContainerItemProxy */ = {
			isa = PBXContainerItemProxy;
			containerPortal = E10E7AB51C18BF7100F6220B /* Project object */;
			proxyType = 1;
			remoteGlobalIDString = E10E7ABC1C18BF7100F6220B;
			remoteInfo = devoxxApp;
		};
/* End PBXContainerItemProxy section */

/* Begin PBXFileReference section */
		E10E7ABD1C18BF7100F6220B /* devoxxApp.app */ = {isa = PBXFileReference; explicitFileType = wrapper.application; includeInIndex = 0; path = devoxxApp.app; sourceTree = BUILT_PRODUCTS_DIR; };
		E10E7AC11C18BF7100F6220B /* Info.plist */ = {isa = PBXFileReference; lastKnownFileType = text.plist.xml; path = Info.plist; sourceTree = "<group>"; };
		E10E7AC21C18BF7100F6220B /* AppDelegate.swift */ = {isa = PBXFileReference; lastKnownFileType = sourcecode.swift; path = AppDelegate.swift; sourceTree = "<group>"; };
		E10E7AC51C18BF7100F6220B /* devoxxApp.xcdatamodel */ = {isa = PBXFileReference; lastKnownFileType = wrapper.xcdatamodel; path = devoxxApp.xcdatamodel; sourceTree = "<group>"; };
		E10E7ACC1C18BF7100F6220B /* Images.xcassets */ = {isa = PBXFileReference; lastKnownFileType = folder.assetcatalog; path = Images.xcassets; sourceTree = "<group>"; };
		E10E7ACF1C18BF7100F6220B /* Base */ = {isa = PBXFileReference; lastKnownFileType = file.xib; name = Base; path = Base.lproj/LaunchScreen.xib; sourceTree = "<group>"; };
		E10E7AD51C18BF7100F6220B /* devoxxAppTests.xctest */ = {isa = PBXFileReference; explicitFileType = wrapper.cfbundle; includeInIndex = 0; path = devoxxAppTests.xctest; sourceTree = BUILT_PRODUCTS_DIR; };
		E10E7ADA1C18BF7100F6220B /* Info.plist */ = {isa = PBXFileReference; lastKnownFileType = text.plist.xml; path = Info.plist; sourceTree = "<group>"; };
		E10E7ADB1C18BF7100F6220B /* devoxxAppTests.swift */ = {isa = PBXFileReference; lastKnownFileType = sourcecode.swift; path = devoxxAppTests.swift; sourceTree = "<group>"; };
		E10E7AEF1C1957F300F6220B /* APIManager.swift */ = {isa = PBXFileReference; fileEncoding = 4; lastKnownFileType = sourcecode.swift; path = APIManager.swift; sourceTree = "<group>"; };
		E18046001C1DAC99001AAD85 /* favoriteOff.png */ = {isa = PBXFileReference; lastKnownFileType = image.png; name = favoriteOff.png; path = icon/favoriteOff.png; sourceTree = "<group>"; };
		E1FA9BED1C1BF4E70077C09A /* ColorManager.swift */ = {isa = PBXFileReference; fileEncoding = 4; lastKnownFileType = sourcecode.swift; path = ColorManager.swift; sourceTree = "<group>"; };
		E1FA9C0E1C1BFC150077C09A /* icon_archisec.png */ = {isa = PBXFileReference; lastKnownFileType = image.png; name = icon_archisec.png; path = icon/track/icon_archisec.png; sourceTree = "<group>"; };
		E1FA9C0F1C1BFC150077C09A /* icon_cloud.png */ = {isa = PBXFileReference; lastKnownFileType = image.png; name = icon_cloud.png; path = icon/track/icon_cloud.png; sourceTree = "<group>"; };
		E1FA9C101C1BFC150077C09A /* icon_future.png */ = {isa = PBXFileReference; lastKnownFileType = image.png; name = icon_future.png; path = icon/track/icon_future.png; sourceTree = "<group>"; };
		E1FA9C111C1BFC150077C09A /* icon_java.png */ = {isa = PBXFileReference; lastKnownFileType = image.png; name = icon_java.png; path = icon/track/icon_java.png; sourceTree = "<group>"; };
		E1FA9C121C1BFC150077C09A /* icon_lang.png */ = {isa = PBXFileReference; lastKnownFileType = image.png; name = icon_lang.png; path = icon/track/icon_lang.png; sourceTree = "<group>"; };
		E1FA9C131C1BFC150077C09A /* icon_methodevops.png */ = {isa = PBXFileReference; lastKnownFileType = image.png; name = icon_methodevops.png; path = icon/track/icon_methodevops.png; sourceTree = "<group>"; };
		E1FA9C141C1BFC150077C09A /* icon_mobile.png */ = {isa = PBXFileReference; lastKnownFileType = image.png; name = icon_mobile.png; path = icon/track/icon_mobile.png; sourceTree = "<group>"; };
		E1FA9C151C1BFC150077C09A /* icon_ssj.png */ = {isa = PBXFileReference; lastKnownFileType = image.png; name = icon_ssj.png; path = icon/track/icon_ssj.png; sourceTree = "<group>"; };
		E1FA9C161C1BFC150077C09A /* icon_startup.png */ = {isa = PBXFileReference; lastKnownFileType = image.png; name = icon_startup.png; path = icon/track/icon_startup.png; sourceTree = "<group>"; };
		E1FA9C171C1BFC150077C09A /* icon_web.png */ = {isa = PBXFileReference; lastKnownFileType = image.png; name = icon_web.png; path = icon/track/icon_web.png; sourceTree = "<group>"; };
		E1FA9C221C1BFC1E0077C09A /* tabIconMap@2x.png */ = {isa = PBXFileReference; lastKnownFileType = image.png; name = "tabIconMap@2x.png"; path = "icon/tab/tabIconMap@2x.png"; sourceTree = "<group>"; };
		E1FA9C231C1BFC1E0077C09A /* tabIconSchedule@2x.png */ = {isa = PBXFileReference; lastKnownFileType = image.png; name = "tabIconSchedule@2x.png"; path = "icon/tab/tabIconSchedule@2x.png"; sourceTree = "<group>"; };
		E1FA9C241C1BFC1E0077C09A /* tabIconSpeaker@2x.png */ = {isa = PBXFileReference; lastKnownFileType = image.png; name = "tabIconSpeaker@2x.png"; path = "icon/tab/tabIconSpeaker@2x.png"; sourceTree = "<group>"; };
		E1FA9C281C1BFC280077C09A /* favoriteOn.png */ = {isa = PBXFileReference; lastKnownFileType = image.png; name = favoriteOn.png; path = icon/favoriteOn.png; sourceTree = "<group>"; };
		E1FA9C2C1C1BFC690077C09A /* Swifty.swift */ = {isa = PBXFileReference; fileEncoding = 4; lastKnownFileType = sourcecode.swift; name = Swifty.swift; path = swifty/Swifty.swift; sourceTree = "<group>"; };
		E1FA9C2E1C1BFC730077C09A /* Roboto-Regular.ttf */ = {isa = PBXFileReference; lastKnownFileType = file; name = "Roboto-Regular.ttf"; path = "font/Roboto-Regular.ttf"; sourceTree = "<group>"; };
		E1FA9C341C1BFCC60077C09A /* ScheduleTableController.swift */ = {isa = PBXFileReference; fileEncoding = 4; lastKnownFileType = sourcecode.swift; name = ScheduleTableController.swift; path = schedule/ScheduleTableController.swift; sourceTree = "<group>"; };
		E1FA9C351C1BFCC60077C09A /* ScheduleController.swift */ = {isa = PBXFileReference; fileEncoding = 4; lastKnownFileType = sourcecode.swift; name = ScheduleController.swift; path = schedule/ScheduleController.swift; sourceTree = "<group>"; };
		E1FA9C3A1C1BFCF80077C09A /* MapController.swift */ = {isa = PBXFileReference; fileEncoding = 4; lastKnownFileType = sourcecode.swift; name = MapController.swift; path = map/MapController.swift; sourceTree = "<group>"; };
		E1FA9C3C1C1BFD010077C09A /* SpeakerController.swift */ = {isa = PBXFileReference; fileEncoding = 4; lastKnownFileType = sourcecode.swift; name = SpeakerController.swift; path = speaker/SpeakerController.swift; sourceTree = "<group>"; };
		E1FA9C3D1C1BFD010077C09A /* ScheduleViewCell.swift */ = {isa = PBXFileReference; fileEncoding = 4; lastKnownFileType = sourcecode.swift; name = ScheduleViewCell.swift; path = speaker/ScheduleViewCell.swift; sourceTree = "<group>"; };
		E1FA9C421C1BFD400077C09A /* Slot.swift */ = {isa = PBXFileReference; fileEncoding = 4; lastKnownFileType = sourcecode.swift; name = Slot.swift; path = model/coreData/Slot.swift; sourceTree = "<group>"; };
		E1FA9C431C1BFD400077C09A /* Talk.swift */ = {isa = PBXFileReference; fileEncoding = 4; lastKnownFileType = sourcecode.swift; name = Talk.swift; path = model/coreData/Talk.swift; sourceTree = "<group>"; };
		E1FA9C471C1BFD560077C09A /* SlotHelper.swift */ = {isa = PBXFileReference; fileEncoding = 4; lastKnownFileType = sourcecode.swift; name = SlotHelper.swift; path = model/helper/SlotHelper.swift; sourceTree = "<group>"; };
		E1FA9C481C1BFD560077C09A /* TalkHelper.swift */ = {isa = PBXFileReference; fileEncoding = 4; lastKnownFileType = sourcecode.swift; name = TalkHelper.swift; path = model/helper/TalkHelper.swift; sourceTree = "<group>"; };
		E1FA9C4C1C1BFD740077C09A /* slots.json */ = {isa = PBXFileReference; fileEncoding = 4; lastKnownFileType = text.json; name = slots.json; path = mock/slots.json; sourceTree = "<group>"; };
/* End PBXFileReference section */

/* Begin PBXFrameworksBuildPhase section */
		E10E7ABA1C18BF7100F6220B /* Frameworks */ = {
			isa = PBXFrameworksBuildPhase;
			buildActionMask = 2147483647;
			files = (
			);
			runOnlyForDeploymentPostprocessing = 0;
		};
		E10E7AD21C18BF7100F6220B /* Frameworks */ = {
			isa = PBXFrameworksBuildPhase;
			buildActionMask = 2147483647;
			files = (
			);
			runOnlyForDeploymentPostprocessing = 0;
		};
/* End PBXFrameworksBuildPhase section */

/* Begin PBXGroup section */
		E10E7AB41C18BF7100F6220B = {
			isa = PBXGroup;
			children = (
				E10E7ABF1C18BF7100F6220B /* devoxxApp */,
				E10E7AD81C18BF7100F6220B /* devoxxAppTests */,
				E10E7ABE1C18BF7100F6220B /* Products */,
			);
			sourceTree = "<group>";
		};
		E10E7ABE1C18BF7100F6220B /* Products */ = {
			isa = PBXGroup;
			children = (
				E10E7ABD1C18BF7100F6220B /* devoxxApp.app */,
				E10E7AD51C18BF7100F6220B /* devoxxAppTests.xctest */,
			);
			name = Products;
			sourceTree = "<group>";
		};
		E10E7ABF1C18BF7100F6220B /* devoxxApp */ = {
			isa = PBXGroup;
			children = (
				E1FA9C4B1C1BFD6A0077C09A /* mock */,
				E1FA9C401C1BFD2D0077C09A /* model */,
				E1FA9C391C1BFCED0077C09A /* speaker */,
				E1FA9C381C1BFCE90077C09A /* map */,
				E1FA9BE91C1BE59A0077C09A /* switfy */,
				E1FA9C2B1C1BFC3D0077C09A /* schedule */,
				E1FA9C2A1C1BFC360077C09A /* font */,
				E1FA9C0B1C1BFBE30077C09A /* icon */,
				E10E7AC21C18BF7100F6220B /* AppDelegate.swift */,
				E10E7AEF1C1957F300F6220B /* APIManager.swift */,
				E1FA9BED1C1BF4E70077C09A /* ColorManager.swift */,
				E10E7ACC1C18BF7100F6220B /* Images.xcassets */,
				E10E7ACE1C18BF7100F6220B /* LaunchScreen.xib */,
				E10E7AC41C18BF7100F6220B /* devoxxApp.xcdatamodeld */,
				E10E7AC01C18BF7100F6220B /* Supporting Files */,
			);
			path = devoxxApp;
			sourceTree = "<group>";
		};
		E10E7AC01C18BF7100F6220B /* Supporting Files */ = {
			isa = PBXGroup;
			children = (
				E10E7AC11C18BF7100F6220B /* Info.plist */,
			);
			name = "Supporting Files";
			sourceTree = "<group>";
		};
		E10E7AD81C18BF7100F6220B /* devoxxAppTests */ = {
			isa = PBXGroup;
			children = (
				E10E7ADB1C18BF7100F6220B /* devoxxAppTests.swift */,
				E10E7AD91C18BF7100F6220B /* Supporting Files */,
			);
			path = devoxxAppTests;
			sourceTree = "<group>";
		};
		E10E7AD91C18BF7100F6220B /* Supporting Files */ = {
			isa = PBXGroup;
			children = (
				E10E7ADA1C18BF7100F6220B /* Info.plist */,
			);
			name = "Supporting Files";
			sourceTree = "<group>";
		};
		E1FA9BE91C1BE59A0077C09A /* switfy */ = {
			isa = PBXGroup;
			children = (
				E1FA9C2C1C1BFC690077C09A /* Swifty.swift */,
			);
			name = switfy;
			sourceTree = "<group>";
		};
		E1FA9C0B1C1BFBE30077C09A /* icon */ = {
			isa = PBXGroup;
			children = (
				E18046001C1DAC99001AAD85 /* favoriteOff.png */,
				E1FA9C281C1BFC280077C09A /* favoriteOn.png */,
				E1FA9C0D1C1BFBFE0077C09A /* track */,
				E1FA9C0C1C1BFBF80077C09A /* tab */,
			);
			name = icon;
			sourceTree = "<group>";
		};
		E1FA9C0C1C1BFBF80077C09A /* tab */ = {
			isa = PBXGroup;
			children = (
				E1FA9C221C1BFC1E0077C09A /* tabIconMap@2x.png */,
				E1FA9C231C1BFC1E0077C09A /* tabIconSchedule@2x.png */,
				E1FA9C241C1BFC1E0077C09A /* tabIconSpeaker@2x.png */,
			);
			name = tab;
			sourceTree = "<group>";
		};
		E1FA9C0D1C1BFBFE0077C09A /* track */ = {
			isa = PBXGroup;
			children = (
				E1FA9C0E1C1BFC150077C09A /* icon_archisec.png */,
				E1FA9C0F1C1BFC150077C09A /* icon_cloud.png */,
				E1FA9C101C1BFC150077C09A /* icon_future.png */,
				E1FA9C111C1BFC150077C09A /* icon_java.png */,
				E1FA9C121C1BFC150077C09A /* icon_lang.png */,
				E1FA9C131C1BFC150077C09A /* icon_methodevops.png */,
				E1FA9C141C1BFC150077C09A /* icon_mobile.png */,
				E1FA9C151C1BFC150077C09A /* icon_ssj.png */,
				E1FA9C161C1BFC150077C09A /* icon_startup.png */,
				E1FA9C171C1BFC150077C09A /* icon_web.png */,
			);
			name = track;
			sourceTree = "<group>";
		};
		E1FA9C2A1C1BFC360077C09A /* font */ = {
			isa = PBXGroup;
			children = (
				E1FA9C2E1C1BFC730077C09A /* Roboto-Regular.ttf */,
			);
			name = font;
			sourceTree = "<group>";
		};
		E1FA9C2B1C1BFC3D0077C09A /* schedule */ = {
			isa = PBXGroup;
			children = (
				E1FA9C3D1C1BFD010077C09A /* ScheduleViewCell.swift */,
				E1FA9C341C1BFCC60077C09A /* ScheduleTableController.swift */,
				E1FA9C351C1BFCC60077C09A /* ScheduleController.swift */,
			);
			name = schedule;
			sourceTree = "<group>";
		};
		E1FA9C381C1BFCE90077C09A /* map */ = {
			isa = PBXGroup;
			children = (
				E1FA9C3A1C1BFCF80077C09A /* MapController.swift */,
			);
			name = map;
			sourceTree = "<group>";
		};
		E1FA9C391C1BFCED0077C09A /* speaker */ = {
			isa = PBXGroup;
			children = (
				E1FA9C3C1C1BFD010077C09A /* SpeakerController.swift */,
			);
			name = speaker;
			sourceTree = "<group>";
		};
		E1FA9C401C1BFD2D0077C09A /* model */ = {
			isa = PBXGroup;
			children = (
				E1FA9C461C1BFD480077C09A /* helper */,
				E1FA9C411C1BFD330077C09A /* coreData */,
			);
			name = model;
			sourceTree = "<group>";
		};
		E1FA9C411C1BFD330077C09A /* coreData */ = {
			isa = PBXGroup;
			children = (
				E1FA9C421C1BFD400077C09A /* Slot.swift */,
				E1FA9C431C1BFD400077C09A /* Talk.swift */,
			);
			name = coreData;
			sourceTree = "<group>";
		};
		E1FA9C461C1BFD480077C09A /* helper */ = {
			isa = PBXGroup;
			children = (
				E1FA9C471C1BFD560077C09A /* SlotHelper.swift */,
				E1FA9C481C1BFD560077C09A /* TalkHelper.swift */,
			);
			name = helper;
			sourceTree = "<group>";
		};
		E1FA9C4B1C1BFD6A0077C09A /* mock */ = {
			isa = PBXGroup;
			children = (
				E1FA9C4C1C1BFD740077C09A /* slots.json */,
			);
			name = mock;
			sourceTree = "<group>";
		};
/* End PBXGroup section */

/* Begin PBXNativeTarget section */
		E10E7ABC1C18BF7100F6220B /* devoxxApp */ = {
			isa = PBXNativeTarget;
			buildConfigurationList = E10E7ADF1C18BF7100F6220B /* Build configuration list for PBXNativeTarget "devoxxApp" */;
			buildPhases = (
				E10E7AB91C18BF7100F6220B /* Sources */,
				E10E7ABA1C18BF7100F6220B /* Frameworks */,
				E10E7ABB1C18BF7100F6220B /* Resources */,
			);
			buildRules = (
			);
			dependencies = (
			);
			name = devoxxApp;
			productName = devoxxApp;
			productReference = E10E7ABD1C18BF7100F6220B /* devoxxApp.app */;
			productType = "com.apple.product-type.application";
		};
		E10E7AD41C18BF7100F6220B /* devoxxAppTests */ = {
			isa = PBXNativeTarget;
			buildConfigurationList = E10E7AE21C18BF7100F6220B /* Build configuration list for PBXNativeTarget "devoxxAppTests" */;
			buildPhases = (
				E10E7AD11C18BF7100F6220B /* Sources */,
				E10E7AD21C18BF7100F6220B /* Frameworks */,
				E10E7AD31C18BF7100F6220B /* Resources */,
			);
			buildRules = (
			);
			dependencies = (
				E10E7AD71C18BF7100F6220B /* PBXTargetDependency */,
			);
			name = devoxxAppTests;
			productName = devoxxAppTests;
			productReference = E10E7AD51C18BF7100F6220B /* devoxxAppTests.xctest */;
			productType = "com.apple.product-type.bundle.unit-test";
		};
/* End PBXNativeTarget section */

/* Begin PBXProject section */
		E10E7AB51C18BF7100F6220B /* Project object */ = {
			isa = PBXProject;
			attributes = {
				LastUpgradeCheck = 0640;
				ORGANIZATIONNAME = maximedavid;
				TargetAttributes = {
					E10E7ABC1C18BF7100F6220B = {
						CreatedOnToolsVersion = 6.4;
					};
					E10E7AD41C18BF7100F6220B = {
						CreatedOnToolsVersion = 6.4;
						TestTargetID = E10E7ABC1C18BF7100F6220B;
					};
				};
			};
			buildConfigurationList = E10E7AB81C18BF7100F6220B /* Build configuration list for PBXProject "devoxxApp" */;
			compatibilityVersion = "Xcode 3.2";
			developmentRegion = English;
			hasScannedForEncodings = 0;
			knownRegions = (
				en,
				Base,
			);
			mainGroup = E10E7AB41C18BF7100F6220B;
			productRefGroup = E10E7ABE1C18BF7100F6220B /* Products */;
			projectDirPath = "";
			projectRoot = "";
			targets = (
				E10E7ABC1C18BF7100F6220B /* devoxxApp */,
				E10E7AD41C18BF7100F6220B /* devoxxAppTests */,
			);
		};
/* End PBXProject section */

/* Begin PBXResourcesBuildPhase section */
		E10E7ABB1C18BF7100F6220B /* Resources */ = {
			isa = PBXResourcesBuildPhase;
			buildActionMask = 2147483647;
			files = (
				E18046011C1DAC99001AAD85 /* favoriteOff.png in Resources */,
				E1FA9C211C1BFC150077C09A /* icon_web.png in Resources */,
				E10E7AD01C18BF7100F6220B /* LaunchScreen.xib in Resources */,
				E1FA9C191C1BFC150077C09A /* icon_cloud.png in Resources */,
				E1FA9C271C1BFC1E0077C09A /* tabIconSpeaker@2x.png in Resources */,
				E10E7ACD1C18BF7100F6220B /* Images.xcassets in Resources */,
				E1FA9C2F1C1BFC730077C09A /* Roboto-Regular.ttf in Resources */,
				E1FA9C251C1BFC1E0077C09A /* tabIconMap@2x.png in Resources */,
				E1FA9C1E1C1BFC150077C09A /* icon_mobile.png in Resources */,
				E1FA9C1B1C1BFC150077C09A /* icon_java.png in Resources */,
				E1FA9C261C1BFC1E0077C09A /* tabIconSchedule@2x.png in Resources */,
				E1FA9C201C1BFC150077C09A /* icon_startup.png in Resources */,
				E1FA9C1A1C1BFC150077C09A /* icon_future.png in Resources */,
				E1FA9C1C1C1BFC150077C09A /* icon_lang.png in Resources */,
				E1FA9C1D1C1BFC150077C09A /* icon_methodevops.png in Resources */,
				E1FA9C4D1C1BFD740077C09A /* slots.json in Resources */,
				E1FA9C181C1BFC150077C09A /* icon_archisec.png in Resources */,
				E1FA9C291C1BFC280077C09A /* favoriteOn.png in Resources */,
				E1FA9C1F1C1BFC150077C09A /* icon_ssj.png in Resources */,
			);
			runOnlyForDeploymentPostprocessing = 0;
		};
		E10E7AD31C18BF7100F6220B /* Resources */ = {
			isa = PBXResourcesBuildPhase;
			buildActionMask = 2147483647;
			files = (
			);
			runOnlyForDeploymentPostprocessing = 0;
		};
/* End PBXResourcesBuildPhase section */

/* Begin PBXSourcesBuildPhase section */
		E10E7AB91C18BF7100F6220B /* Sources */ = {
			isa = PBXSourcesBuildPhase;
			buildActionMask = 2147483647;
			files = (
				E1FA9C3B1C1BFCF80077C09A /* MapController.swift in Sources */,
				E1FA9C4A1C1BFD560077C09A /* TalkHelper.swift in Sources */,
				E10E7AC31C18BF7100F6220B /* AppDelegate.swift in Sources */,
				E1FA9BEE1C1BF4E70077C09A /* ColorManager.swift in Sources */,
				E1FA9C491C1BFD560077C09A /* SlotHelper.swift in Sources */,
				E10E7AC61C18BF7100F6220B /* devoxxApp.xcdatamodeld in Sources */,
				E1FA9C361C1BFCC60077C09A /* ScheduleTableController.swift in Sources */,
				E1FA9C451C1BFD400077C09A /* Talk.swift in Sources */,
				E1FA9C371C1BFCC60077C09A /* ScheduleController.swift in Sources */,
				E1FA9C2D1C1BFC690077C09A /* Swifty.swift in Sources */,
				E1FA9C3E1C1BFD010077C09A /* SpeakerController.swift in Sources */,
				E1FA9C3F1C1BFD010077C09A /* ScheduleViewCell.swift in Sources */,
				E10E7AF01C1957F300F6220B /* APIManager.swift in Sources */,
				E1FA9C441C1BFD400077C09A /* Slot.swift in Sources */,
			);
			runOnlyForDeploymentPostprocessing = 0;
		};
		E10E7AD11C18BF7100F6220B /* Sources */ = {
			isa = PBXSourcesBuildPhase;
			buildActionMask = 2147483647;
			files = (
				E10E7ADC1C18BF7100F6220B /* devoxxAppTests.swift in Sources */,
			);
			runOnlyForDeploymentPostprocessing = 0;
		};
/* End PBXSourcesBuildPhase section */

/* Begin PBXTargetDependency section */
		E10E7AD71C18BF7100F6220B /* PBXTargetDependency */ = {
			isa = PBXTargetDependency;
			target = E10E7ABC1C18BF7100F6220B /* devoxxApp */;
			targetProxy = E10E7AD61C18BF7100F6220B /* PBXContainerItemProxy */;
		};
/* End PBXTargetDependency section */

/* Begin PBXVariantGroup section */
		E10E7ACE1C18BF7100F6220B /* LaunchScreen.xib */ = {
			isa = PBXVariantGroup;
			children = (
				E10E7ACF1C18BF7100F6220B /* Base */,
			);
			name = LaunchScreen.xib;
			sourceTree = "<group>";
		};
/* End PBXVariantGroup section */

/* Begin XCBuildConfiguration section */
		E10E7ADD1C18BF7100F6220B /* Debug */ = {
			isa = XCBuildConfiguration;
			buildSettings = {
				ALWAYS_SEARCH_USER_PATHS = NO;
				CLANG_CXX_LANGUAGE_STANDARD = "gnu++0x";
				CLANG_CXX_LIBRARY = "libc++";
				CLANG_ENABLE_MODULES = YES;
				CLANG_ENABLE_OBJC_ARC = YES;
				CLANG_WARN_BOOL_CONVERSION = YES;
				CLANG_WARN_CONSTANT_CONVERSION = YES;
				CLANG_WARN_DIRECT_OBJC_ISA_USAGE = YES_ERROR;
				CLANG_WARN_EMPTY_BODY = YES;
				CLANG_WARN_ENUM_CONVERSION = YES;
				CLANG_WARN_INT_CONVERSION = YES;
				CLANG_WARN_OBJC_ROOT_CLASS = YES_ERROR;
				CLANG_WARN_UNREACHABLE_CODE = YES;
				CLANG_WARN__DUPLICATE_METHOD_MATCH = YES;
				"CODE_SIGN_IDENTITY[sdk=iphoneos*]" = "iPhone Developer";
				COPY_PHASE_STRIP = NO;
				DEBUG_INFORMATION_FORMAT = "dwarf-with-dsym";
				ENABLE_STRICT_OBJC_MSGSEND = YES;
				GCC_C_LANGUAGE_STANDARD = gnu99;
				GCC_DYNAMIC_NO_PIC = NO;
				GCC_NO_COMMON_BLOCKS = YES;
				GCC_OPTIMIZATION_LEVEL = 0;
				GCC_PREPROCESSOR_DEFINITIONS = (
					"DEBUG=1",
					"$(inherited)",
				);
				GCC_SYMBOLS_PRIVATE_EXTERN = NO;
				GCC_WARN_64_TO_32_BIT_CONVERSION = YES;
				GCC_WARN_ABOUT_RETURN_TYPE = YES_ERROR;
				GCC_WARN_UNDECLARED_SELECTOR = YES;
				GCC_WARN_UNINITIALIZED_AUTOS = YES_AGGRESSIVE;
				GCC_WARN_UNUSED_FUNCTION = YES;
				GCC_WARN_UNUSED_VARIABLE = YES;
				IPHONEOS_DEPLOYMENT_TARGET = 8.4;
				MTL_ENABLE_DEBUG_INFO = YES;
				ONLY_ACTIVE_ARCH = YES;
				SDKROOT = iphoneos;
				SWIFT_OPTIMIZATION_LEVEL = "-Onone";
				TARGETED_DEVICE_FAMILY = "1,2";
			};
			name = Debug;
		};
		E10E7ADE1C18BF7100F6220B /* Release */ = {
			isa = XCBuildConfiguration;
			buildSettings = {
				ALWAYS_SEARCH_USER_PATHS = NO;
				CLANG_CXX_LANGUAGE_STANDARD = "gnu++0x";
				CLANG_CXX_LIBRARY = "libc++";
				CLANG_ENABLE_MODULES = YES;
				CLANG_ENABLE_OBJC_ARC = YES;
				CLANG_WARN_BOOL_CONVERSION = YES;
				CLANG_WARN_CONSTANT_CONVERSION = YES;
				CLANG_WARN_DIRECT_OBJC_ISA_USAGE = YES_ERROR;
				CLANG_WARN_EMPTY_BODY = YES;
				CLANG_WARN_ENUM_CONVERSION = YES;
				CLANG_WARN_INT_CONVERSION = YES;
				CLANG_WARN_OBJC_ROOT_CLASS = YES_ERROR;
				CLANG_WARN_UNREACHABLE_CODE = YES;
				CLANG_WARN__DUPLICATE_METHOD_MATCH = YES;
				"CODE_SIGN_IDENTITY[sdk=iphoneos*]" = "iPhone Developer";
				COPY_PHASE_STRIP = NO;
				DEBUG_INFORMATION_FORMAT = "dwarf-with-dsym";
				ENABLE_NS_ASSERTIONS = NO;
				ENABLE_STRICT_OBJC_MSGSEND = YES;
				GCC_C_LANGUAGE_STANDARD = gnu99;
				GCC_NO_COMMON_BLOCKS = YES;
				GCC_WARN_64_TO_32_BIT_CONVERSION = YES;
				GCC_WARN_ABOUT_RETURN_TYPE = YES_ERROR;
				GCC_WARN_UNDECLARED_SELECTOR = YES;
				GCC_WARN_UNINITIALIZED_AUTOS = YES_AGGRESSIVE;
				GCC_WARN_UNUSED_FUNCTION = YES;
				GCC_WARN_UNUSED_VARIABLE = YES;
				IPHONEOS_DEPLOYMENT_TARGET = 8.4;
				MTL_ENABLE_DEBUG_INFO = NO;
				SDKROOT = iphoneos;
				TARGETED_DEVICE_FAMILY = "1,2";
				VALIDATE_PRODUCT = YES;
			};
			name = Release;
		};
		E10E7AE01C18BF7100F6220B /* Debug */ = {
			isa = XCBuildConfiguration;
			buildSettings = {
				ASSETCATALOG_COMPILER_APPICON_NAME = AppIcon;
				INFOPLIST_FILE = devoxxApp/Info.plist;
				LD_RUNPATH_SEARCH_PATHS = "$(inherited) @executable_path/Frameworks";
				PRODUCT_NAME = "$(TARGET_NAME)";
			};
			name = Debug;
		};
		E10E7AE11C18BF7100F6220B /* Release */ = {
			isa = XCBuildConfiguration;
			buildSettings = {
				ASSETCATALOG_COMPILER_APPICON_NAME = AppIcon;
				INFOPLIST_FILE = devoxxApp/Info.plist;
				LD_RUNPATH_SEARCH_PATHS = "$(inherited) @executable_path/Frameworks";
				PRODUCT_NAME = "$(TARGET_NAME)";
			};
			name = Release;
		};
		E10E7AE31C18BF7100F6220B /* Debug */ = {
			isa = XCBuildConfiguration;
			buildSettings = {
				BUNDLE_LOADER = "$(TEST_HOST)";
				FRAMEWORK_SEARCH_PATHS = (
					"$(SDKROOT)/Developer/Library/Frameworks",
					"$(inherited)",
				);
				GCC_PREPROCESSOR_DEFINITIONS = (
					"DEBUG=1",
					"$(inherited)",
				);
				INFOPLIST_FILE = devoxxAppTests/Info.plist;
				LD_RUNPATH_SEARCH_PATHS = "$(inherited) @executable_path/Frameworks @loader_path/Frameworks";
				PRODUCT_NAME = "$(TARGET_NAME)";
				TEST_HOST = "$(BUILT_PRODUCTS_DIR)/devoxxApp.app/devoxxApp";
			};
			name = Debug;
		};
		E10E7AE41C18BF7100F6220B /* Release */ = {
			isa = XCBuildConfiguration;
			buildSettings = {
				BUNDLE_LOADER = "$(TEST_HOST)";
				FRAMEWORK_SEARCH_PATHS = (
					"$(SDKROOT)/Developer/Library/Frameworks",
					"$(inherited)",
				);
				INFOPLIST_FILE = devoxxAppTests/Info.plist;
				LD_RUNPATH_SEARCH_PATHS = "$(inherited) @executable_path/Frameworks @loader_path/Frameworks";
				PRODUCT_NAME = "$(TARGET_NAME)";
				TEST_HOST = "$(BUILT_PRODUCTS_DIR)/devoxxApp.app/devoxxApp";
			};
			name = Release;
		};
/* End XCBuildConfiguration section */

/* Begin XCConfigurationList section */
		E10E7AB81C18BF7100F6220B /* Build configuration list for PBXProject "devoxxApp" */ = {
			isa = XCConfigurationList;
			buildConfigurations = (
				E10E7ADD1C18BF7100F6220B /* Debug */,
				E10E7ADE1C18BF7100F6220B /* Release */,
			);
			defaultConfigurationIsVisible = 0;
			defaultConfigurationName = Release;
		};
		E10E7ADF1C18BF7100F6220B /* Build configuration list for PBXNativeTarget "devoxxApp" */ = {
			isa = XCConfigurationList;
			buildConfigurations = (
				E10E7AE01C18BF7100F6220B /* Debug */,
				E10E7AE11C18BF7100F6220B /* Release */,
			);
			defaultConfigurationIsVisible = 0;
			defaultConfigurationName = Release;
		};
		E10E7AE21C18BF7100F6220B /* Build configuration list for PBXNativeTarget "devoxxAppTests" */ = {
			isa = XCConfigurationList;
			buildConfigurations = (
				E10E7AE31C18BF7100F6220B /* Debug */,
				E10E7AE41C18BF7100F6220B /* Release */,
			);
			defaultConfigurationIsVisible = 0;
			defaultConfigurationName = Release;
		};
/* End XCConfigurationList section */

/* Begin XCVersionGroup section */
		E10E7AC41C18BF7100F6220B /* devoxxApp.xcdatamodeld */ = {
			isa = XCVersionGroup;
			children = (
				E10E7AC51C18BF7100F6220B /* devoxxApp.xcdatamodel */,
			);
			currentVersion = E10E7AC51C18BF7100F6220B /* devoxxApp.xcdatamodel */;
			path = devoxxApp.xcdatamodeld;
			sourceTree = "<group>";
			versionGroupType = wrapper.xcdatamodel;
		};
/* End XCVersionGroup section */
	};
	rootObject = E10E7AB51C18BF7100F6220B /* Project object */;
}
